PODS:
  - FeedKit (8.0.0)
  - SwiftSoup (1.7.4)

DEPENDENCIES:
  - FeedKit (~> 8.0.0)
  - SwiftSoup (~> 1.7.4)

SPEC REPOS:
  https://github.com/cocoapods/specs.git:
    - FeedKit
    - SwiftSoup

SPEC CHECKSUMS:
  FeedKit: 4a78f07adf7f0a224b904014678f1de82a7ffc21
  SwiftSoup: 92f5b348c131aed8af04f4326db1579ab19fa08c

PODFILE CHECKSUM: 1d9ec0c542c387aed93e43232bed7930b2c0a410

COCOAPODS: 1.5.3
